
Microsoft Visual Studio Solution File, Format Version 12.00
# Visual Studio Version 16
VisualStudioVersion = 16.0.31702.278
MinimumVisualStudioVersion = 10.0.40219.1
Project("{9A19103F-16F7-4668-BE54-9A1E7A4F7556}") = "Strategy", "Strategy\Strategy.csproj", "{51716C5A-801B-4F84-9582-02919C97665F}"
EndProject
Project("{9A19103F-16F7-4668-BE54-9A1E7A4F7556}") = "Observer", "Observer\Observer.csproj", "{52BEAAC2-9890-4411-B41C-049E3DE57944}"
EndProject
Project("{9A19103F-16F7-4668-BE54-9A1E7A4F7556}") = "Repository", "Repository\Repository.csproj", "{0B2FCBCD-6E47-4960-9B6F-1F2AB3DD6832}"
EndProject
Project("{9A19103F-16F7-4668-BE54-9A1E7A4F7556}") = "Decorator", "Decorator\Decorator.csproj", "{298F36B6-AD22-435C-B836-2CC86F301678}"
EndProject
Project("{FAE04EC0-301F-11D3-BF4B-00C04F79EFBC}") = "AbstractFactory", "AbstractFactory\AbstractFactory.csproj", "{ACC94F76-ED12-4B02-8342-03AEB153A5B4}"
EndProject
Project("{FAE04EC0-301F-11D3-BF4B-00C04F79EFBC}") = "Adapter", "Adapter\Adapter.csproj", "{A177953A-FE1D-418A-8D03-D7C28A7A37B5}"
EndProject
Project("{FAE04EC0-301F-11D3-BF4B-00C04F79EFBC}") = "Facade", "Facade\Facade.csproj", "{5B8B9DBD-49C8-49F0-BE8E-516BCB548274}"
EndProject
Project("{FAE04EC0-301F-11D3-BF4B-00C04F79EFBC}") = "StateCommandMemento", "StateCommandMemento\StateCommandMemento.csproj", "{151E3496-4BE4-4078-B6E8-76E4A771A951}"
EndProject
Global
	GlobalSection(SolutionConfigurationPlatforms) = preSolution
		Debug|Any CPU = Debug|Any CPU
		Release|Any CPU = Release|Any CPU
	EndGlobalSection
	GlobalSection(ProjectConfigurationPlatforms) = postSolution
		{51716C5A-801B-4F84-9582-02919C97665F}.Debug|Any CPU.ActiveCfg = Debug|Any CPU
		{51716C5A-801B-4F84-9582-02919C97665F}.Debug|Any CPU.Build.0 = Debug|Any CPU
		{51716C5A-801B-4F84-9582-02919C97665F}.Release|Any CPU.ActiveCfg = Release|Any CPU
		{51716C5A-801B-4F84-9582-02919C97665F}.Release|Any CPU.Build.0 = Release|Any CPU
		{52BEAAC2-9890-4411-B41C-049E3DE57944}.Debug|Any CPU.ActiveCfg = Debug|Any CPU
		{52BEAAC2-9890-4411-B41C-049E3DE57944}.Debug|Any CPU.Build.0 = Debug|Any CPU
		{52BEAAC2-9890-4411-B41C-049E3DE57944}.Release|Any CPU.ActiveCfg = Release|Any CPU
		{52BEAAC2-9890-4411-B41C-049E3DE57944}.Release|Any CPU.Build.0 = Release|Any CPU
		{0B2FCBCD-6E47-4960-9B6F-1F2AB3DD6832}.Debug|Any CPU.ActiveCfg = Debug|Any CPU
		{0B2FCBCD-6E47-4960-9B6F-1F2AB3DD6832}.Debug|Any CPU.Build.0 = Debug|Any CPU
		{0B2FCBCD-6E47-4960-9B6F-1F2AB3DD6832}.Release|Any CPU.ActiveCfg = Release|Any CPU
		{0B2FCBCD-6E47-4960-9B6F-1F2AB3DD6832}.Release|Any CPU.Build.0 = Release|Any CPU
		{298F36B6-AD22-435C-B836-2CC86F301678}.Debug|Any CPU.ActiveCfg = Debug|Any CPU
		{298F36B6-AD22-435C-B836-2CC86F301678}.Debug|Any CPU.Build.0 = Debug|Any CPU
		{298F36B6-AD22-435C-B836-2CC86F301678}.Release|Any CPU.ActiveCfg = Release|Any CPU
		{298F36B6-AD22-435C-B836-2CC86F301678}.Release|Any CPU.Build.0 = Release|Any CPU
		{ACC94F76-ED12-4B02-8342-03AEB153A5B4}.Debug|Any CPU.ActiveCfg = Debug|Any CPU
		{ACC94F76-ED12-4B02-8342-03AEB153A5B4}.Debug|Any CPU.Build.0 = Debug|Any CPU
		{ACC94F76-ED12-4B02-8342-03AEB153A5B4}.Release|Any CPU.ActiveCfg = Release|Any CPU
		{ACC94F76-ED12-4B02-8342-03AEB153A5B4}.Release|Any CPU.Build.0 = Release|Any CPU
		{A177953A-FE1D-418A-8D03-D7C28A7A37B5}.Debug|Any CPU.ActiveCfg = Debug|Any CPU
		{A177953A-FE1D-418A-8D03-D7C28A7A37B5}.Debug|Any CPU.Build.0 = Debug|Any CPU
		{A177953A-FE1D-418A-8D03-D7C28A7A37B5}.Release|Any CPU.ActiveCfg = Release|Any CPU
		{A177953A-FE1D-418A-8D03-D7C28A7A37B5}.Release|Any CPU.Build.0 = Release|Any CPU
		{5B8B9DBD-49C8-49F0-BE8E-516BCB548274}.Debug|Any CPU.ActiveCfg = Debug|Any CPU
		{5B8B9DBD-49C8-49F0-BE8E-516BCB548274}.Debug|Any CPU.Build.0 = Debug|Any CPU
		{5B8B9DBD-49C8-49F0-BE8E-516BCB548274}.Release|Any CPU.ActiveCfg = Release|Any CPU
		{5B8B9DBD-49C8-49F0-BE8E-516BCB548274}.Release|Any CPU.Build.0 = Release|Any CPU
		{151E3496-4BE4-4078-B6E8-76E4A771A951}.Debug|Any CPU.ActiveCfg = Debug|Any CPU
		{151E3496-4BE4-4078-B6E8-76E4A771A951}.Debug|Any CPU.Build.0 = Debug|Any CPU
		{151E3496-4BE4-4078-B6E8-76E4A771A951}.Release|Any CPU.ActiveCfg = Release|Any CPU
		{151E3496-4BE4-4078-B6E8-76E4A771A951}.Release|Any CPU.Build.0 = Release|Any CPU
	EndGlobalSection
	GlobalSection(SolutionProperties) = preSolution
		HideSolutionNode = FALSE
	EndGlobalSection
	GlobalSection(ExtensibilityGlobals) = postSolution
		SolutionGuid = {D3A20053-80B8-44B9-8260-02B71B27C30A}
	EndGlobalSection
EndGlobal
